
Microsoft Visual Studio Solution File, Format Version 12.00
# Visual Studio 15
VisualStudioVersion = 15.0.28307.539
MinimumVisualStudioVersion = 10.0.40219.1
Project("{FAE04EC0-301F-11D3-BF4B-00C04F79EFBC}") = "FitnessChatBotHackathon", "FitnessChatBotHackathon\FitnessChatBotHackathon.csproj", "{DBA74CF5-10CD-4C84-9EBF-63D12D01CC36}"
EndProject
Global
	GlobalSection(SolutionConfigurationPlatforms) = preSolution
		Debug|Any CPU = Debug|Any CPU
		Release|Any CPU = Release|Any CPU
	EndGlobalSection
	GlobalSection(ProjectConfigurationPlatforms) = postSolution
		{DBA74CF5-10CD-4C84-9EBF-63D12D01CC36}.Debug|Any CPU.ActiveCfg = Debug|Any CPU
		{DBA74CF5-10CD-4C84-9EBF-63D12D01CC36}.Debug|Any CPU.Build.0 = Debug|Any CPU
		{DBA74CF5-10CD-4C84-9EBF-63D12D01CC36}.Release|Any CPU.ActiveCfg = Release|Any CPU
		{DBA74CF5-10CD-4C84-9EBF-63D12D01CC36}.Release|Any CPU.Build.0 = Release|Any CPU
	EndGlobalSection
	GlobalSection(SolutionProperties) = preSolution
		HideSolutionNode = FALSE
	EndGlobalSection
	GlobalSection(ExtensibilityGlobals) = postSolution
		SolutionGuid = {AD4BDEE2-04EB-4264-ADEE-9683E58C7E8C}
	EndGlobalSection
EndGlobal
